
Microsoft Visual Studio Solution File, Format Version 12.00
# Visual Studio 14
VisualStudioVersion = 14.0.25420.1
MinimumVisualStudioVersion = 10.0.40219.1
Project("{FAE04EC0-301F-11D3-BF4B-00C04F79EFBC}") = "NationalPark", "NationalPark\NationalPark.csproj", "{DB24D34E-3CC8-40F4-84EA-608B52A4E0A4}"
EndProject
Project("{FAE04EC0-301F-11D3-BF4B-00C04F79EFBC}") = "NationalParkTests", "NationalParkTests\NationalParkTests.csproj", "{3C2894C4-238A-4727-A77C-43BCB3237B1C}"
EndProject
Global
	GlobalSection(SolutionConfigurationPlatforms) = preSolution
		Debug|Any CPU = Debug|Any CPU
		Release|Any CPU = Release|Any CPU
	EndGlobalSection
	GlobalSection(ProjectConfigurationPlatforms) = postSolution
		{DB24D34E-3CC8-40F4-84EA-608B52A4E0A4}.Debug|Any CPU.ActiveCfg = Debug|Any CPU
		{DB24D34E-3CC8-40F4-84EA-608B52A4E0A4}.Debug|Any CPU.Build.0 = Debug|Any CPU
		{DB24D34E-3CC8-40F4-84EA-608B52A4E0A4}.Release|Any CPU.ActiveCfg = Release|Any CPU
		{DB24D34E-3CC8-40F4-84EA-608B52A4E0A4}.Release|Any CPU.Build.0 = Release|Any CPU
		{3C2894C4-238A-4727-A77C-43BCB3237B1C}.Debug|Any CPU.ActiveCfg = Debug|Any CPU
		{3C2894C4-238A-4727-A77C-43BCB3237B1C}.Debug|Any CPU.Build.0 = Debug|Any CPU
		{3C2894C4-238A-4727-A77C-43BCB3237B1C}.Release|Any CPU.ActiveCfg = Release|Any CPU
		{3C2894C4-238A-4727-A77C-43BCB3237B1C}.Release|Any CPU.Build.0 = Release|Any CPU
	EndGlobalSection
	GlobalSection(SolutionProperties) = preSolution
		HideSolutionNode = FALSE
	EndGlobalSection
EndGlobal
